{
    "name": "inject-jyutping",
    "version": "0.4.0",
    "lockfileVersion": 3,
    "requires": true,
    "packages": {
        "": {
            "name": "inject-jyutping",
            "version": "0.4.0",
            "dependencies": {
                "to-jyutping": "2.0.0",
                "webextension-polyfill": "^0.12.0"
            },
            "devDependencies": {
                "@types/webextension-polyfill": "^0.10.7",
                "typescript": "^5.5.3"
            }
        },
        "node_modules/@types/webextension-polyfill": {
            "version": "0.10.7",
            "resolved": "https://registry.npmjs.org/@types/webextension-polyfill/-/webextension-polyfill-0.10.7.tgz",
            "integrity": "sha512-10ql7A0qzBmFB+F+qAke/nP1PIonS0TXZAOMVOxEUsm+lGSW6uwVcISFNa0I4Oyj0884TZVWGGMIWeXOVSNFHw==",
            "dev": true
        },
        "node_modules/to-jyutping": {
            "version": "2.0.0",
            "resolved": "https://registry.npmjs.org/to-jyutping/-/to-jyutping-2.0.0.tgz",
            "integrity": "sha512-Y8ClOMXVEshH3XGAnswo8gG2NviIgpGYsVwhfejvW1QVoQT8OqwMzka1Ydpvex87Ce1763aNXwsYunKPuGnhEQ=="
        },
        "node_modules/typescript": {
            "version": "5.5.3",
            "resolved": "https://registry.npmjs.org/typescript/-/typescript-5.5.3.tgz",
            "integrity": "sha512-/hreyEujaB0w76zKo6717l3L0o/qEUtRgdvUBvlkhoWeOVMjMuHNHk0BRBzikzuGDqNmPQbg5ifMEqsHLiIUcQ==",
            "dev": true,
            "bin": {
                "tsc": "bin/tsc",
                "tsserver": "bin/tsserver"
            },
            "engines": {
                "node": ">=14.17"
            }
        },
        "node_modules/webextension-polyfill": {
            "version": "0.12.0",
            "resolved": "https://registry.npmjs.org/webextension-polyfill/-/webextension-polyfill-0.12.0.tgz",
            "integrity": "sha512-97TBmpoWJEE+3nFBQ4VocyCdLKfw54rFaJ6EVQYLBCXqCIpLSZkwGgASpv4oPt9gdKCJ80RJlcmNzNn008Ag6Q=="
        }
    }
}
